<?xml version="1.0" encoding="utf-8"?>
<Project ToolsVersion="4.0" xmlns="http://schemas.microsoft.com/developer/msbuild/2003">
  <ItemGroup>
    <ClInclude Include="pch.h" />
    <ClInclude Include="GameException.h" />
    <ClInclude Include="SList.h" />
    <ClInclude Include="Vector.h" />
    <ClInclude Include="Stack.h" />
    <ClInclude Include="Hashmap.h" />
    <ClInclude Include="HashFunctor.h" />
    <ClInclude Include="RTTI.h" />
    <ClInclude Include="Datum.h" />
    <ClInclude Include="Scope.h" />
    <ClInclude Include="Attributed.h" />
    <ClInclude Include="AttributedFoo.h" />
    <ClInclude Include="XMLParseMaster.h" />
    <ClInclude Include="IXMLParseHelper.h" />
    <ClInclude Include="XMLParseHelperTable.h" />
    <ClInclude Include="Factory.h" />
    <ClInclude Include="Entity.h" />
    <ClInclude Include="Sector.h" />
    <ClInclude Include="WorldState.h" />
    <ClInclude Include="GameClock.h" />
    <ClInclude Include="GameTime.h" />
    <ClInclude Include="World.h" />
    <ClInclude Include="XMLParseHelperEntity.h" />
    <ClInclude Include="ActionList.h" />
    <ClInclude Include="Action.h" />
    <ClInclude Include="ActionListIf.h" />
    <ClInclude Include="XMLParseHelperAction.h" />
    <ClInclude Include="Event.h" />
    <ClInclude Include="EventMessageAttributed.h" />
    <ClInclude Include="Reaction.h" />
    <ClInclude Include="ReactionAttributed.h" />
    <ClInclude Include="ActionEvent.h" />
    <ClInclude Include="XMLParseHelperReaction.h" />
  </ItemGroup>
  <ItemGroup>
    <ClCompile Include="pch.cpp" />
    <ClCompile Include="GameException.cpp" />
    <ClCompile Include="Datum.cpp" />
    <ClCompile Include="Scope.cpp" />
    <ClCompile Include="Attributed.cpp" />
    <ClCompile Include="AttributedFoo.cpp" />
    <ClCompile Include="XMLParseMaster.cpp" />
    <ClCompile Include="XMLParseHelperTable.cpp" />
    <ClCompile Include="IXMLParseHelper.cpp" />
    <ClCompile Include="Entity.cpp" />
    <ClCompile Include="Sector.cpp" />
    <ClCompile Include="WorldState.cpp" />
    <ClCompile Include="GameClock.cpp" />
    <ClCompile Include="GameTime.cpp" />
    <ClCompile Include="World.cpp" />
    <ClCompile Include="XMLParseHelperEntity.cpp" />
    <ClCompile Include="ActionList.cpp" />
    <ClCompile Include="Action.cpp" />
    <ClCompile Include="ActionListIf.cpp" />
    <ClCompile Include="XMLParseHelperAction.cpp" />
    <ClCompile Include="Event.cpp" />
    <ClCompile Include="EventMessageAttributed.cpp" />
    <ClCompile Include="ReactionAttributed.cpp" />
    <ClCompile Include="ActionEvent.cpp" />
    <ClCompile Include="Reaction.cpp" />
    <ClCompile Include="XMLParseHelperReaction.cpp" />
  </ItemGroup>
  <ItemGroup>
    <None Include="SList.inl" />
    <None Include="Vector.inl" />
    <None Include="Stack.inl" />
    <None Include="Hashmap.inl" />
    <None Include="Factory.inl" />
    <None Include="Event.inl" />
  </ItemGroup>
</Project>